
Microsoft Visual Studio Solution File, Format Version 12.00
# Visual Studio 15
VisualStudioVersion = 15.0.28307.329
MinimumVisualStudioVersion = 10.0.40219.1
Project("{FAE04EC0-301F-11D3-BF4B-00C04F79EFBC}") = "LemonadeStand", "LemonadeStand\LemonadeStand.csproj", "{0DD07C85-CE37-4B93-A86C-0A183113A12D}"
EndProject
Global
	GlobalSection(SolutionConfigurationPlatforms) = preSolution
		Debug|Any CPU = Debug|Any CPU
		Release|Any CPU = Release|Any CPU
	EndGlobalSection
	GlobalSection(ProjectConfigurationPlatforms) = postSolution
		{0DD07C85-CE37-4B93-A86C-0A183113A12D}.Debug|Any CPU.ActiveCfg = Debug|Any CPU
		{0DD07C85-CE37-4B93-A86C-0A183113A12D}.Debug|Any CPU.Build.0 = Debug|Any CPU
		{0DD07C85-CE37-4B93-A86C-0A183113A12D}.Release|Any CPU.ActiveCfg = Release|Any CPU
		{0DD07C85-CE37-4B93-A86C-0A183113A12D}.Release|Any CPU.Build.0 = Release|Any CPU
	EndGlobalSection
	GlobalSection(SolutionProperties) = preSolution
		HideSolutionNode = FALSE
	EndGlobalSection
	GlobalSection(ExtensibilityGlobals) = postSolution
		SolutionGuid = {219876DF-F25C-4064-8560-80A922C7AAB1}
	EndGlobalSection
EndGlobal
